// !$*UTF8*$!
{
	archiveVersion = 1;
	classes = {
	};
	objectVersion = 55;
	objects = {

/* Begin PBXBuildFile section */
		E556DDDB28A361660064265A /* AppDelegate.swift in Sources */ = {isa = PBXBuildFile; fileRef = E556DDDA28A361660064265A /* AppDelegate.swift */; };
		E556DDDD28A361660064265A /* SceneDelegate.swift in Sources */ = {isa = PBXBuildFile; fileRef = E556DDDC28A361660064265A /* SceneDelegate.swift */; };
		E556DDE428A361670064265A /* Assets.xcassets in Resources */ = {isa = PBXBuildFile; fileRef = E556DDE328A361670064265A /* Assets.xcassets */; };
		E556DDF428A362200064265A /* StartGameView.swift in Sources */ = {isa = PBXBuildFile; fileRef = E556DDF328A362200064265A /* StartGameView.swift */; };
		E556DDF628A362680064265A /* EnterNumberView.swift in Sources */ = {isa = PBXBuildFile; fileRef = E556DDF528A362680064265A /* EnterNumberView.swift */; };
		E556DDF828A3629F0064265A /* ComputerGuessesNumberView.swift in Sources */ = {isa = PBXBuildFile; fileRef = E556DDF728A3629F0064265A /* ComputerGuessesNumberView.swift */; };
		E556DDFA28A362AE0064265A /* PlayerGuessesNumberView.swift in Sources */ = {isa = PBXBuildFile; fileRef = E556DDF928A362AE0064265A /* PlayerGuessesNumberView.swift */; };
		E556DDFC28A362E00064265A /* ResultsGameView.swift in Sources */ = {isa = PBXBuildFile; fileRef = E556DDFB28A362E00064265A /* ResultsGameView.swift */; };
		E556DDFE28A362F90064265A /* Game.swift in Sources */ = {isa = PBXBuildFile; fileRef = E556DDFD28A362F90064265A /* Game.swift */; };
		E556DE0028A363120064265A /* StartGameController.swift in Sources */ = {isa = PBXBuildFile; fileRef = E556DDFF28A363120064265A /* StartGameController.swift */; };
		E556DE0228A363210064265A /* EnterNumberController.swift in Sources */ = {isa = PBXBuildFile; fileRef = E556DE0128A363210064265A /* EnterNumberController.swift */; };
		E556DE0428A363310064265A /* ComputerGuessesNumberController.swift in Sources */ = {isa = PBXBuildFile; fileRef = E556DE0328A363310064265A /* ComputerGuessesNumberController.swift */; };
		E556DE0628A363410064265A /* PlayerGuessesNumberController.swift in Sources */ = {isa = PBXBuildFile; fileRef = E556DE0528A363410064265A /* PlayerGuessesNumberController.swift */; };
		E556DE0828A3634E0064265A /* ResultsGameController.swift in Sources */ = {isa = PBXBuildFile; fileRef = E556DE0728A3634E0064265A /* ResultsGameController.swift */; };
		E556DE0A28A387930064265A /* Guesser.swift in Sources */ = {isa = PBXBuildFile; fileRef = E556DE0928A387930064265A /* Guesser.swift */; };
		E556DE0D28A3890E0064265A /* GameViewModel.swift in Sources */ = {isa = PBXBuildFile; fileRef = E556DE0C28A3890E0064265A /* GameViewModel.swift */; };
		E556DE0F28A38A2C0064265A /* NumberValid.swift in Sources */ = {isa = PBXBuildFile; fileRef = E556DE0E28A38A2C0064265A /* NumberValid.swift */; };
		E556DE1128A38BE00064265A /* GameButton.swift in Sources */ = {isa = PBXBuildFile; fileRef = E556DE1028A38BE00064265A /* GameButton.swift */; };
		E556DE1428A3948E0064265A /* NumberTextField.swift in Sources */ = {isa = PBXBuildFile; fileRef = E556DE1328A3948E0064265A /* NumberTextField.swift */; };
		E556DE1728A3EFAE0064265A /* GameLabel.swift in Sources */ = {isa = PBXBuildFile; fileRef = E556DE1628A3EFAE0064265A /* GameLabel.swift */; };
		E556DE1928A4DDC70064265A /* GameAlertController.swift in Sources */ = {isa = PBXBuildFile; fileRef = E556DE1828A4DDC70064265A /* GameAlertController.swift */; };
/* End PBXBuildFile section */

/* Begin PBXFileReference section */
		E556DDD728A361660064265A /* GuessTheNumber.app */ = {isa = PBXFileReference; explicitFileType = wrapper.application; includeInIndex = 0; path = GuessTheNumber.app; sourceTree = BUILT_PRODUCTS_DIR; };
		E556DDDA28A361660064265A /* AppDelegate.swift */ = {isa = PBXFileReference; lastKnownFileType = sourcecode.swift; path = AppDelegate.swift; sourceTree = "<group>"; };
		E556DDDC28A361660064265A /* SceneDelegate.swift */ = {isa = PBXFileReference; lastKnownFileType = sourcecode.swift; path = SceneDelegate.swift; sourceTree = "<group>"; };
		E556DDE328A361670064265A /* Assets.xcassets */ = {isa = PBXFileReference; lastKnownFileType = folder.assetcatalog; path = Assets.xcassets; sourceTree = "<group>"; };
		E556DDE828A361670064265A /* Info.plist */ = {isa = PBXFileReference; lastKnownFileType = text.plist.xml; path = Info.plist; sourceTree = "<group>"; };
		E556DDF328A362200064265A /* StartGameView.swift */ = {isa = PBXFileReference; lastKnownFileType = sourcecode.swift; path = StartGameView.swift; sourceTree = "<group>"; };
		E556DDF528A362680064265A /* EnterNumberView.swift */ = {isa = PBXFileReference; lastKnownFileType = sourcecode.swift; path = EnterNumberView.swift; sourceTree = "<group>"; };
		E556DDF728A3629F0064265A /* ComputerGuessesNumberView.swift */ = {isa = PBXFileReference; lastKnownFileType = sourcecode.swift; path = ComputerGuessesNumberView.swift; sourceTree = "<group>"; };
		E556DDF928A362AE0064265A /* PlayerGuessesNumberView.swift */ = {isa = PBXFileReference; lastKnownFileType = sourcecode.swift; path = PlayerGuessesNumberView.swift; sourceTree = "<group>"; };
		E556DDFB28A362E00064265A /* ResultsGameView.swift */ = {isa = PBXFileReference; lastKnownFileType = sourcecode.swift; path = ResultsGameView.swift; sourceTree = "<group>"; };
		E556DDFD28A362F90064265A /* Game.swift */ = {isa = PBXFileReference; lastKnownFileType = sourcecode.swift; path = Game.swift; sourceTree = "<group>"; };
		E556DDFF28A363120064265A /* StartGameController.swift */ = {isa = PBXFileReference; lastKnownFileType = sourcecode.swift; path = StartGameController.swift; sourceTree = "<group>"; };
		E556DE0128A363210064265A /* EnterNumberController.swift */ = {isa = PBXFileReference; lastKnownFileType = sourcecode.swift; path = EnterNumberController.swift; sourceTree = "<group>"; };
		E556DE0328A363310064265A /* ComputerGuessesNumberController.swift */ = {isa = PBXFileReference; lastKnownFileType = sourcecode.swift; path = ComputerGuessesNumberController.swift; sourceTree = "<group>"; };
		E556DE0528A363410064265A /* PlayerGuessesNumberController.swift */ = {isa = PBXFileReference; lastKnownFileType = sourcecode.swift; path = PlayerGuessesNumberController.swift; sourceTree = "<group>"; };
		E556DE0728A3634E0064265A /* ResultsGameController.swift */ = {isa = PBXFileReference; lastKnownFileType = sourcecode.swift; path = ResultsGameController.swift; sourceTree = "<group>"; };
		E556DE0928A387930064265A /* Guesser.swift */ = {isa = PBXFileReference; lastKnownFileType = sourcecode.swift; path = Guesser.swift; sourceTree = "<group>"; };
		E556DE0C28A3890E0064265A /* GameViewModel.swift */ = {isa = PBXFileReference; lastKnownFileType = sourcecode.swift; path = GameViewModel.swift; sourceTree = "<group>"; };
		E556DE0E28A38A2C0064265A /* NumberValid.swift */ = {isa = PBXFileReference; lastKnownFileType = sourcecode.swift; path = NumberValid.swift; sourceTree = "<group>"; };
		E556DE1028A38BE00064265A /* GameButton.swift */ = {isa = PBXFileReference; lastKnownFileType = sourcecode.swift; path = GameButton.swift; sourceTree = "<group>"; };
		E556DE1328A3948E0064265A /* NumberTextField.swift */ = {isa = PBXFileReference; lastKnownFileType = sourcecode.swift; path = NumberTextField.swift; sourceTree = "<group>"; };
		E556DE1628A3EFAE0064265A /* GameLabel.swift */ = {isa = PBXFileReference; lastKnownFileType = sourcecode.swift; path = GameLabel.swift; sourceTree = "<group>"; };
		E556DE1828A4DDC70064265A /* GameAlertController.swift */ = {isa = PBXFileReference; lastKnownFileType = sourcecode.swift; path = GameAlertController.swift; sourceTree = "<group>"; };
/* End PBXFileReference section */

/* Begin PBXFrameworksBuildPhase section */
		E556DDD428A361660064265A /* Frameworks */ = {
			isa = PBXFrameworksBuildPhase;
			buildActionMask = 2147483647;
			files = (
			);
			runOnlyForDeploymentPostprocessing = 0;
		};
/* End PBXFrameworksBuildPhase section */

/* Begin PBXGroup section */
		E556DDCE28A361650064265A = {
			isa = PBXGroup;
			children = (
				E556DDD928A361660064265A /* GuessTheNumber */,
				E556DDD828A361660064265A /* Products */,
			);
			sourceTree = "<group>";
		};
		E556DDD828A361660064265A /* Products */ = {
			isa = PBXGroup;
			children = (
				E556DDD728A361660064265A /* GuessTheNumber.app */,
			);
			name = Products;
			sourceTree = "<group>";
		};
		E556DDD928A361660064265A /* GuessTheNumber */ = {
			isa = PBXGroup;
			children = (
				E556DDEE28A361840064265A /* Application */,
				E556DDEF28A3618E0064265A /* Resources */,
				E556DDF028A361D00064265A /* Models */,
				E556DDF228A361DD0064265A /* Views */,
				E556DE0B28A388F60064265A /* ViewModels */,
				E556DDE828A361670064265A /* Info.plist */,
			);
			path = GuessTheNumber;
			sourceTree = "<group>";
		};
		E556DDEE28A361840064265A /* Application */ = {
			isa = PBXGroup;
			children = (
				E556DDDA28A361660064265A /* AppDelegate.swift */,
				E556DDDC28A361660064265A /* SceneDelegate.swift */,
			);
			path = Application;
			sourceTree = "<group>";
		};
		E556DDEF28A3618E0064265A /* Resources */ = {
			isa = PBXGroup;
			children = (
				E556DDE328A361670064265A /* Assets.xcassets */,
			);
			path = Resources;
			sourceTree = "<group>";
		};
		E556DDF028A361D00064265A /* Models */ = {
			isa = PBXGroup;
			children = (
				E556DDFD28A362F90064265A /* Game.swift */,
				E556DE0928A387930064265A /* Guesser.swift */,
				E556DE0E28A38A2C0064265A /* NumberValid.swift */,
			);
			path = Models;
			sourceTree = "<group>";
		};
		E556DDF128A361D40064265A /* Views */ = {
			isa = PBXGroup;
			children = (
				E556DE1528A3EC160064265A /* ViewsElements */,
				E556DDF328A362200064265A /* StartGameView.swift */,
				E556DDF528A362680064265A /* EnterNumberView.swift */,
				E556DDF728A3629F0064265A /* ComputerGuessesNumberView.swift */,
				E556DDF928A362AE0064265A /* PlayerGuessesNumberView.swift */,
				E556DDFB28A362E00064265A /* ResultsGameView.swift */,
			);
			path = Views;
			sourceTree = "<group>";
		};
		E556DDF228A361DD0064265A /* Views */ = {
			isa = PBXGroup;
			children = (
				E556DE1228A3908B0064265A /* Controllers */,
				E556DDF128A361D40064265A /* Views */,
			);
			path = Views;
			sourceTree = "<group>";
		};
		E556DE0B28A388F60064265A /* ViewModels */ = {
			isa = PBXGroup;
			children = (
				E556DE0C28A3890E0064265A /* GameViewModel.swift */,
			);
			path = ViewModels;
			sourceTree = "<group>";
		};
		E556DE1228A3908B0064265A /* Controllers */ = {
			isa = PBXGroup;
			children = (
				E556DDFF28A363120064265A /* StartGameController.swift */,
				E556DE0128A363210064265A /* EnterNumberController.swift */,
				E556DE0328A363310064265A /* ComputerGuessesNumberController.swift */,
				E556DE0528A363410064265A /* PlayerGuessesNumberController.swift */,
				E556DE0728A3634E0064265A /* ResultsGameController.swift */,
			);
			path = Controllers;
			sourceTree = "<group>";
		};
		E556DE1528A3EC160064265A /* ViewsElements */ = {
			isa = PBXGroup;
			children = (
				E556DE1028A38BE00064265A /* GameButton.swift */,
				E556DE1328A3948E0064265A /* NumberTextField.swift */,
				E556DE1628A3EFAE0064265A /* GameLabel.swift */,
				E556DE1828A4DDC70064265A /* GameAlertController.swift */,
			);
			path = ViewsElements;
			sourceTree = "<group>";
		};
/* End PBXGroup section */

/* Begin PBXNativeTarget section */
		E556DDD628A361660064265A /* GuessTheNumber */ = {
			isa = PBXNativeTarget;
			buildConfigurationList = E556DDEB28A361670064265A /* Build configuration list for PBXNativeTarget "GuessTheNumber" */;
			buildPhases = (
				E556DDD328A361660064265A /* Sources */,
				E556DDD428A361660064265A /* Frameworks */,
				E556DDD528A361660064265A /* Resources */,
			);
			buildRules = (
			);
			dependencies = (
			);
			name = GuessTheNumber;
			productName = GuessTheNumber;
			productReference = E556DDD728A361660064265A /* GuessTheNumber.app */;
			productType = "com.apple.product-type.application";
		};
/* End PBXNativeTarget section */

/* Begin PBXProject section */
		E556DDCF28A361650064265A /* Project object */ = {
			isa = PBXProject;
			attributes = {
				BuildIndependentTargetsInParallel = 1;
				LastSwiftUpdateCheck = 1340;
				LastUpgradeCheck = 1340;
				TargetAttributes = {
					E556DDD628A361660064265A = {
						CreatedOnToolsVersion = 13.4.1;
					};
				};
			};
			buildConfigurationList = E556DDD228A361650064265A /* Build configuration list for PBXProject "GuessTheNumber" */;
			compatibilityVersion = "Xcode 13.0";
			developmentRegion = en;
			hasScannedForEncodings = 0;
			knownRegions = (
				en,
				Base,
			);
			mainGroup = E556DDCE28A361650064265A;
			productRefGroup = E556DDD828A361660064265A /* Products */;
			projectDirPath = "";
			projectRoot = "";
			targets = (
				E556DDD628A361660064265A /* GuessTheNumber */,
			);
		};
/* End PBXProject section */

/* Begin PBXResourcesBuildPhase section */
		E556DDD528A361660064265A /* Resources */ = {
			isa = PBXResourcesBuildPhase;
			buildActionMask = 2147483647;
			files = (
				E556DDE428A361670064265A /* Assets.xcassets in Resources */,
			);
			runOnlyForDeploymentPostprocessing = 0;
		};
/* End PBXResourcesBuildPhase section */

/* Begin PBXSourcesBuildPhase section */
		E556DDD328A361660064265A /* Sources */ = {
			isa = PBXSourcesBuildPhase;
			buildActionMask = 2147483647;
			files = (
				E556DE0828A3634E0064265A /* ResultsGameController.swift in Sources */,
				E556DDFA28A362AE0064265A /* PlayerGuessesNumberView.swift in Sources */,
				E556DE1928A4DDC70064265A /* GameAlertController.swift in Sources */,
				E556DE0A28A387930064265A /* Guesser.swift in Sources */,
				E556DE0D28A3890E0064265A /* GameViewModel.swift in Sources */,
				E556DDDB28A361660064265A /* AppDelegate.swift in Sources */,
				E556DDF428A362200064265A /* StartGameView.swift in Sources */,
				E556DE1728A3EFAE0064265A /* GameLabel.swift in Sources */,
				E556DE0F28A38A2C0064265A /* NumberValid.swift in Sources */,
				E556DE0428A363310064265A /* ComputerGuessesNumberController.swift in Sources */,
				E556DDF628A362680064265A /* EnterNumberView.swift in Sources */,
				E556DE0028A363120064265A /* StartGameController.swift in Sources */,
				E556DE0228A363210064265A /* EnterNumberController.swift in Sources */,
				E556DE0628A363410064265A /* PlayerGuessesNumberController.swift in Sources */,
				E556DDFC28A362E00064265A /* ResultsGameView.swift in Sources */,
				E556DDFE28A362F90064265A /* Game.swift in Sources */,
				E556DE1428A3948E0064265A /* NumberTextField.swift in Sources */,
				E556DDF828A3629F0064265A /* ComputerGuessesNumberView.swift in Sources */,
				E556DDDD28A361660064265A /* SceneDelegate.swift in Sources */,
				E556DE1128A38BE00064265A /* GameButton.swift in Sources */,
			);
			runOnlyForDeploymentPostprocessing = 0;
		};
/* End PBXSourcesBuildPhase section */

/* Begin XCBuildConfiguration section */
		E556DDE928A361670064265A /* Debug */ = {
			isa = XCBuildConfiguration;
			buildSettings = {
				ALWAYS_SEARCH_USER_PATHS = NO;
				CLANG_ANALYZER_NONNULL = YES;
				CLANG_ANALYZER_NUMBER_OBJECT_CONVERSION = YES_AGGRESSIVE;
				CLANG_CXX_LANGUAGE_STANDARD = "gnu++17";
				CLANG_ENABLE_MODULES = YES;
				CLANG_ENABLE_OBJC_ARC = YES;
				CLANG_ENABLE_OBJC_WEAK = YES;
				CLANG_WARN_BLOCK_CAPTURE_AUTORELEASING = YES;
				CLANG_WARN_BOOL_CONVERSION = YES;
				CLANG_WARN_COMMA = YES;
				CLANG_WARN_CONSTANT_CONVERSION = YES;
				CLANG_WARN_DEPRECATED_OBJC_IMPLEMENTATIONS = YES;
				CLANG_WARN_DIRECT_OBJC_ISA_USAGE = YES_ERROR;
				CLANG_WARN_DOCUMENTATION_COMMENTS = YES;
				CLANG_WARN_EMPTY_BODY = YES;
				CLANG_WARN_ENUM_CONVERSION = YES;
				CLANG_WARN_INFINITE_RECURSION = YES;
				CLANG_WARN_INT_CONVERSION = YES;
				CLANG_WARN_NON_LITERAL_NULL_CONVERSION = YES;
				CLANG_WARN_OBJC_IMPLICIT_RETAIN_SELF = YES;
				CLANG_WARN_OBJC_LITERAL_CONVERSION = YES;
				CLANG_WARN_OBJC_ROOT_CLASS = YES_ERROR;
				CLANG_WARN_QUOTED_INCLUDE_IN_FRAMEWORK_HEADER = YES;
				CLANG_WARN_RANGE_LOOP_ANALYSIS = YES;
				CLANG_WARN_STRICT_PROTOTYPES = YES;
				CLANG_WARN_SUSPICIOUS_MOVE = YES;
				CLANG_WARN_UNGUARDED_AVAILABILITY = YES_AGGRESSIVE;
				CLANG_WARN_UNREACHABLE_CODE = YES;
				CLANG_WARN__DUPLICATE_METHOD_MATCH = YES;
				COPY_PHASE_STRIP = NO;
				DEBUG_INFORMATION_FORMAT = dwarf;
				ENABLE_STRICT_OBJC_MSGSEND = YES;
				ENABLE_TESTABILITY = YES;
				GCC_C_LANGUAGE_STANDARD = gnu11;
				GCC_DYNAMIC_NO_PIC = NO;
				GCC_NO_COMMON_BLOCKS = YES;
				GCC_OPTIMIZATION_LEVEL = 0;
				GCC_PREPROCESSOR_DEFINITIONS = (
					"DEBUG=1",
					"$(inherited)",
				);
				GCC_WARN_64_TO_32_BIT_CONVERSION = YES;
				GCC_WARN_ABOUT_RETURN_TYPE = YES_ERROR;
				GCC_WARN_UNDECLARED_SELECTOR = YES;
				GCC_WARN_UNINITIALIZED_AUTOS = YES_AGGRESSIVE;
				GCC_WARN_UNUSED_FUNCTION = YES;
				GCC_WARN_UNUSED_VARIABLE = YES;
				IPHONEOS_DEPLOYMENT_TARGET = 15.5;
				MTL_ENABLE_DEBUG_INFO = INCLUDE_SOURCE;
				MTL_FAST_MATH = YES;
				ONLY_ACTIVE_ARCH = YES;
				SDKROOT = iphoneos;
				SWIFT_ACTIVE_COMPILATION_CONDITIONS = DEBUG;
				SWIFT_OPTIMIZATION_LEVEL = "-Onone";
			};
			name = Debug;
		};
		E556DDEA28A361670064265A /* Release */ = {
			isa = XCBuildConfiguration;
			buildSettings = {
				ALWAYS_SEARCH_USER_PATHS = NO;
				CLANG_ANALYZER_NONNULL = YES;
				CLANG_ANALYZER_NUMBER_OBJECT_CONVERSION = YES_AGGRESSIVE;
				CLANG_CXX_LANGUAGE_STANDARD = "gnu++17";
				CLANG_ENABLE_MODULES = YES;
				CLANG_ENABLE_OBJC_ARC = YES;
				CLANG_ENABLE_OBJC_WEAK = YES;
				CLANG_WARN_BLOCK_CAPTURE_AUTORELEASING = YES;
				CLANG_WARN_BOOL_CONVERSION = YES;
				CLANG_WARN_COMMA = YES;
				CLANG_WARN_CONSTANT_CONVERSION = YES;
				CLANG_WARN_DEPRECATED_OBJC_IMPLEMENTATIONS = YES;
				CLANG_WARN_DIRECT_OBJC_ISA_USAGE = YES_ERROR;
				CLANG_WARN_DOCUMENTATION_COMMENTS = YES;
				CLANG_WARN_EMPTY_BODY = YES;
				CLANG_WARN_ENUM_CONVERSION = YES;
				CLANG_WARN_INFINITE_RECURSION = YES;
				CLANG_WARN_INT_CONVERSION = YES;
				CLANG_WARN_NON_LITERAL_NULL_CONVERSION = YES;
				CLANG_WARN_OBJC_IMPLICIT_RETAIN_SELF = YES;
				CLANG_WARN_OBJC_LITERAL_CONVERSION = YES;
				CLANG_WARN_OBJC_ROOT_CLASS = YES_ERROR;
				CLANG_WARN_QUOTED_INCLUDE_IN_FRAMEWORK_HEADER = YES;
				CLANG_WARN_RANGE_LOOP_ANALYSIS = YES;
				CLANG_WARN_STRICT_PROTOTYPES = YES;
				CLANG_WARN_SUSPICIOUS_MOVE = YES;
				CLANG_WARN_UNGUARDED_AVAILABILITY = YES_AGGRESSIVE;
				CLANG_WARN_UNREACHABLE_CODE = YES;
				CLANG_WARN__DUPLICATE_METHOD_MATCH = YES;
				COPY_PHASE_STRIP = NO;
				DEBUG_INFORMATION_FORMAT = "dwarf-with-dsym";
				ENABLE_NS_ASSERTIONS = NO;
				ENABLE_STRICT_OBJC_MSGSEND = YES;
				GCC_C_LANGUAGE_STANDARD = gnu11;
				GCC_NO_COMMON_BLOCKS = YES;
				GCC_WARN_64_TO_32_BIT_CONVERSION = YES;
				GCC_WARN_ABOUT_RETURN_TYPE = YES_ERROR;
				GCC_WARN_UNDECLARED_SELECTOR = YES;
				GCC_WARN_UNINITIALIZED_AUTOS = YES_AGGRESSIVE;
				GCC_WARN_UNUSED_FUNCTION = YES;
				GCC_WARN_UNUSED_VARIABLE = YES;
				IPHONEOS_DEPLOYMENT_TARGET = 15.5;
				MTL_ENABLE_DEBUG_INFO = NO;
				MTL_FAST_MATH = YES;
				SDKROOT = iphoneos;
				SWIFT_COMPILATION_MODE = wholemodule;
				SWIFT_OPTIMIZATION_LEVEL = "-O";
				VALIDATE_PRODUCT = YES;
			};
			name = Release;
		};
		E556DDEC28A361670064265A /* Debug */ = {
			isa = XCBuildConfiguration;
			buildSettings = {
				ASSETCATALOG_COMPILER_APPICON_NAME = AppIcon;
				ASSETCATALOG_COMPILER_GLOBAL_ACCENT_COLOR_NAME = AccentColor;
				CODE_SIGN_STYLE = Automatic;
				CURRENT_PROJECT_VERSION = 1;
				DEVELOPMENT_TEAM = 8222RF834L;
				GENERATE_INFOPLIST_FILE = YES;
				INFOPLIST_FILE = GuessTheNumber/Info.plist;
				INFOPLIST_KEY_UIApplicationSupportsIndirectInputEvents = YES;
				INFOPLIST_KEY_UILaunchStoryboardName = LaunchScreen;
				INFOPLIST_KEY_UISupportedInterfaceOrientations = "UIInterfaceOrientationPortrait UIInterfaceOrientationLandscapeLeft UIInterfaceOrientationLandscapeRight";
				INFOPLIST_KEY_UISupportedInterfaceOrientations_iPad = "UIInterfaceOrientationPortrait UIInterfaceOrientationPortraitUpsideDown UIInterfaceOrientationLandscapeLeft UIInterfaceOrientationLandscapeRight";
				INFOPLIST_KEY_UISupportedInterfaceOrientations_iPhone = "UIInterfaceOrientationPortrait UIInterfaceOrientationLandscapeLeft UIInterfaceOrientationLandscapeRight";
				LD_RUNPATH_SEARCH_PATHS = (
					"$(inherited)",
					"@executable_path/Frameworks",
				);
				MARKETING_VERSION = 1.0;
				PRODUCT_BUNDLE_IDENTIFIER = "pavel-yarovoi.GuessTheNumber";
				PRODUCT_NAME = "$(TARGET_NAME)";
				SWIFT_EMIT_LOC_STRINGS = YES;
				SWIFT_VERSION = 5.0;
				TARGETED_DEVICE_FAMILY = "1,2";
			};
			name = Debug;
		};
		E556DDED28A361670064265A /* Release */ = {
			isa = XCBuildConfiguration;
			buildSettings = {
				ASSETCATALOG_COMPILER_APPICON_NAME = AppIcon;
				ASSETCATALOG_COMPILER_GLOBAL_ACCENT_COLOR_NAME = AccentColor;
				CODE_SIGN_STYLE = Automatic;
				CURRENT_PROJECT_VERSION = 1;
				DEVELOPMENT_TEAM = 8222RF834L;
				GENERATE_INFOPLIST_FILE = YES;
				INFOPLIST_FILE = GuessTheNumber/Info.plist;
				INFOPLIST_KEY_UIApplicationSupportsIndirectInputEvents = YES;
				INFOPLIST_KEY_UILaunchStoryboardName = LaunchScreen;
				INFOPLIST_KEY_UISupportedInterfaceOrientations = "UIInterfaceOrientationPortrait UIInterfaceOrientationLandscapeLeft UIInterfaceOrientationLandscapeRight";
				INFOPLIST_KEY_UISupportedInterfaceOrientations_iPad = "UIInterfaceOrientationPortrait UIInterfaceOrientationPortraitUpsideDown UIInterfaceOrientationLandscapeLeft UIInterfaceOrientationLandscapeRight";
				INFOPLIST_KEY_UISupportedInterfaceOrientations_iPhone = "UIInterfaceOrientationPortrait UIInterfaceOrientationLandscapeLeft UIInterfaceOrientationLandscapeRight";
				LD_RUNPATH_SEARCH_PATHS = (
					"$(inherited)",
					"@executable_path/Frameworks",
				);
				MARKETING_VERSION = 1.0;
				PRODUCT_BUNDLE_IDENTIFIER = "pavel-yarovoi.GuessTheNumber";
				PRODUCT_NAME = "$(TARGET_NAME)";
				SWIFT_EMIT_LOC_STRINGS = YES;
				SWIFT_VERSION = 5.0;
				TARGETED_DEVICE_FAMILY = "1,2";
			};
			name = Release;
		};
/* End XCBuildConfiguration section */

/* Begin XCConfigurationList section */
		E556DDD228A361650064265A /* Build configuration list for PBXProject "GuessTheNumber" */ = {
			isa = XCConfigurationList;
			buildConfigurations = (
				E556DDE928A361670064265A /* Debug */,
				E556DDEA28A361670064265A /* Release */,
			);
			defaultConfigurationIsVisible = 0;
			defaultConfigurationName = Release;
		};
		E556DDEB28A361670064265A /* Build configuration list for PBXNativeTarget "GuessTheNumber" */ = {
			isa = XCConfigurationList;
			buildConfigurations = (
				E556DDEC28A361670064265A /* Debug */,
				E556DDED28A361670064265A /* Release */,
			);
			defaultConfigurationIsVisible = 0;
			defaultConfigurationName = Release;
		};
/* End XCConfigurationList section */
	};
	rootObject = E556DDCF28A361650064265A /* Project object */;
}
